
Microsoft Visual Studio Solution File, Format Version 12.00
Project("{FAE04EC0-301F-11D3-BF4B-00C04F79EFBC}") = "wpf", "wpf.csproj", "{390AAD79-77A3-4C17-960B-DFDC7C88D162}"
EndProject
Global
	GlobalSection(SolutionConfigurationPlatforms) = preSolution
		Debug|Any CPU = Debug|Any CPU
		Release|Any CPU = Release|Any CPU
	EndGlobalSection
	GlobalSection(ProjectConfigurationPlatforms) = postSolution
		{390AAD79-77A3-4C17-960B-DFDC7C88D162}.Debug|Any CPU.ActiveCfg = Debug|Any CPU
		{390AAD79-77A3-4C17-960B-DFDC7C88D162}.Debug|Any CPU.Build.0 = Debug|Any CPU
		{390AAD79-77A3-4C17-960B-DFDC7C88D162}.Release|Any CPU.ActiveCfg = Release|Any CPU
		{390AAD79-77A3-4C17-960B-DFDC7C88D162}.Release|Any CPU.Build.0 = Release|Any CPU
	EndGlobalSection
EndGlobal
